
Microsoft Visual Studio Solution File, Format Version 12.00
# Visual Studio Version 16
VisualStudioVersion = 16.0.30114.105
MinimumVisualStudioVersion = 10.0.40219.1
Project("{FAE04EC0-301F-11D3-BF4B-00C04F79EFBC}") = "github-actions-demo-app", "github-actions-demo-app\github-actions-demo-app.csproj", "{1A5143DB-93AD-44A8-ABF5-0D6004D13E0C}"
EndProject
Project("{FAE04EC0-301F-11D3-BF4B-00C04F79EFBC}") = "github-actions-demo-app-tests", "github-actions-demo-app-tests\github-actions-demo-app-tests.csproj", "{D4C21225-4806-4673-8C7D-EFA6D2CDCCF1}"
EndProject
Global
	GlobalSection(SolutionConfigurationPlatforms) = preSolution
		Debug|Any CPU = Debug|Any CPU
		Debug|x64 = Debug|x64
		Debug|x86 = Debug|x86
		Release|Any CPU = Release|Any CPU
		Release|x64 = Release|x64
		Release|x86 = Release|x86
	EndGlobalSection
	GlobalSection(SolutionProperties) = preSolution
		HideSolutionNode = FALSE
	EndGlobalSection
	GlobalSection(ProjectConfigurationPlatforms) = postSolution
		{1A5143DB-93AD-44A8-ABF5-0D6004D13E0C}.Debug|Any CPU.ActiveCfg = Debug|Any CPU
		{1A5143DB-93AD-44A8-ABF5-0D6004D13E0C}.Debug|Any CPU.Build.0 = Debug|Any CPU
		{1A5143DB-93AD-44A8-ABF5-0D6004D13E0C}.Debug|x64.ActiveCfg = Debug|Any CPU
		{1A5143DB-93AD-44A8-ABF5-0D6004D13E0C}.Debug|x64.Build.0 = Debug|Any CPU
		{1A5143DB-93AD-44A8-ABF5-0D6004D13E0C}.Debug|x86.ActiveCfg = Debug|Any CPU
		{1A5143DB-93AD-44A8-ABF5-0D6004D13E0C}.Debug|x86.Build.0 = Debug|Any CPU
		{1A5143DB-93AD-44A8-ABF5-0D6004D13E0C}.Release|Any CPU.ActiveCfg = Release|Any CPU
		{1A5143DB-93AD-44A8-ABF5-0D6004D13E0C}.Release|Any CPU.Build.0 = Release|Any CPU
		{1A5143DB-93AD-44A8-ABF5-0D6004D13E0C}.Release|x64.ActiveCfg = Release|Any CPU
		{1A5143DB-93AD-44A8-ABF5-0D6004D13E0C}.Release|x64.Build.0 = Release|Any CPU
		{1A5143DB-93AD-44A8-ABF5-0D6004D13E0C}.Release|x86.ActiveCfg = Release|Any CPU
		{1A5143DB-93AD-44A8-ABF5-0D6004D13E0C}.Release|x86.Build.0 = Release|Any CPU
		{D4C21225-4806-4673-8C7D-EFA6D2CDCCF1}.Debug|Any CPU.ActiveCfg = Debug|Any CPU
		{D4C21225-4806-4673-8C7D-EFA6D2CDCCF1}.Debug|Any CPU.Build.0 = Debug|Any CPU
		{D4C21225-4806-4673-8C7D-EFA6D2CDCCF1}.Debug|x64.ActiveCfg = Debug|Any CPU
		{D4C21225-4806-4673-8C7D-EFA6D2CDCCF1}.Debug|x64.Build.0 = Debug|Any CPU
		{D4C21225-4806-4673-8C7D-EFA6D2CDCCF1}.Debug|x86.ActiveCfg = Debug|Any CPU
		{D4C21225-4806-4673-8C7D-EFA6D2CDCCF1}.Debug|x86.Build.0 = Debug|Any CPU
		{D4C21225-4806-4673-8C7D-EFA6D2CDCCF1}.Release|Any CPU.ActiveCfg = Release|Any CPU
		{D4C21225-4806-4673-8C7D-EFA6D2CDCCF1}.Release|Any CPU.Build.0 = Release|Any CPU
		{D4C21225-4806-4673-8C7D-EFA6D2CDCCF1}.Release|x64.ActiveCfg = Release|Any CPU
		{D4C21225-4806-4673-8C7D-EFA6D2CDCCF1}.Release|x64.Build.0 = Release|Any CPU
		{D4C21225-4806-4673-8C7D-EFA6D2CDCCF1}.Release|x86.ActiveCfg = Release|Any CPU
		{D4C21225-4806-4673-8C7D-EFA6D2CDCCF1}.Release|x86.Build.0 = Release|Any CPU
	EndGlobalSection
EndGlobal
